
Microsoft Visual Studio Solution File, Format Version 12.00
# Visual Studio Version 17
VisualStudioVersion = 17.8.34511.84
MinimumVisualStudioVersion = 10.0.40219.1
Project("{9A19103F-16F7-4668-BE54-9A1E7A4F7556}") = "EcommerceWeb", "EcommerceWeb\EcommerceWeb.csproj", "{67F54C05-1E2F-468C-ABFB-12CA981BF75F}"
EndProject
Project("{9A19103F-16F7-4668-BE54-9A1E7A4F7556}") = "Ecommerce.DataAccess", "Ecommerce.DataAccess\Ecommerce.DataAccess.csproj", "{5D96E981-600C-43DF-92C2-5C74D41A4A41}"
EndProject
Project("{9A19103F-16F7-4668-BE54-9A1E7A4F7556}") = "Ecommerce.Models", "Ecommerce.Models\Ecommerce.Models.csproj", "{E539AA3D-29F5-4808-BA45-050446CC3212}"
EndProject
Project("{9A19103F-16F7-4668-BE54-9A1E7A4F7556}") = "Ecommerce.Utility", "Ecommerce.Utility\Ecommerce.Utility.csproj", "{B7C4A233-7178-45A1-A2CF-E002DC3F952B}"
EndProject
Global
	GlobalSection(SolutionConfigurationPlatforms) = preSolution
		Debug|Any CPU = Debug|Any CPU
		Release|Any CPU = Release|Any CPU
	EndGlobalSection
	GlobalSection(ProjectConfigurationPlatforms) = postSolution
		{67F54C05-1E2F-468C-ABFB-12CA981BF75F}.Debug|Any CPU.ActiveCfg = Debug|Any CPU
		{67F54C05-1E2F-468C-ABFB-12CA981BF75F}.Debug|Any CPU.Build.0 = Debug|Any CPU
		{67F54C05-1E2F-468C-ABFB-12CA981BF75F}.Release|Any CPU.ActiveCfg = Release|Any CPU
		{67F54C05-1E2F-468C-ABFB-12CA981BF75F}.Release|Any CPU.Build.0 = Release|Any CPU
		{5D96E981-600C-43DF-92C2-5C74D41A4A41}.Debug|Any CPU.ActiveCfg = Debug|Any CPU
		{5D96E981-600C-43DF-92C2-5C74D41A4A41}.Debug|Any CPU.Build.0 = Debug|Any CPU
		{5D96E981-600C-43DF-92C2-5C74D41A4A41}.Release|Any CPU.ActiveCfg = Release|Any CPU
		{5D96E981-600C-43DF-92C2-5C74D41A4A41}.Release|Any CPU.Build.0 = Release|Any CPU
		{E539AA3D-29F5-4808-BA45-050446CC3212}.Debug|Any CPU.ActiveCfg = Debug|Any CPU
		{E539AA3D-29F5-4808-BA45-050446CC3212}.Debug|Any CPU.Build.0 = Debug|Any CPU
		{E539AA3D-29F5-4808-BA45-050446CC3212}.Release|Any CPU.ActiveCfg = Release|Any CPU
		{E539AA3D-29F5-4808-BA45-050446CC3212}.Release|Any CPU.Build.0 = Release|Any CPU
		{B7C4A233-7178-45A1-A2CF-E002DC3F952B}.Debug|Any CPU.ActiveCfg = Debug|Any CPU
		{B7C4A233-7178-45A1-A2CF-E002DC3F952B}.Debug|Any CPU.Build.0 = Debug|Any CPU
		{B7C4A233-7178-45A1-A2CF-E002DC3F952B}.Release|Any CPU.ActiveCfg = Release|Any CPU
		{B7C4A233-7178-45A1-A2CF-E002DC3F952B}.Release|Any CPU.Build.0 = Release|Any CPU
	EndGlobalSection
	GlobalSection(SolutionProperties) = preSolution
		HideSolutionNode = FALSE
	EndGlobalSection
	GlobalSection(ExtensibilityGlobals) = postSolution
		SolutionGuid = {F863C676-0586-45A7-AF5B-8A059A7C53F9}
	EndGlobalSection
EndGlobal
